
Microsoft Visual Studio Solution File, Format Version 12.00
# Visual Studio Version 17
VisualStudioVersion = 17.5.33530.505
MinimumVisualStudioVersion = 10.0.40219.1
Project("{FAE04EC0-301F-11D3-BF4B-00C04F79EFBC}") = "DockerExample", "DockerExample.csproj", "{115D8B96-5A7B-4D83-87A6-B4BDC2BAE3C5}"
EndProject
Project("{E53339B2-1760-4266-BCC7-CA923CBCF16C}") = "docker-compose", "docker-compose.dcproj", "{764B1993-D5F0-488F-B19B-A5E89E88FC52}"
EndProject
Global
	GlobalSection(SolutionConfigurationPlatforms) = preSolution
		Debug|Any CPU = Debug|Any CPU
		Release|Any CPU = Release|Any CPU
	EndGlobalSection
	GlobalSection(ProjectConfigurationPlatforms) = postSolution
		{115D8B96-5A7B-4D83-87A6-B4BDC2BAE3C5}.Debug|Any CPU.ActiveCfg = Debug|Any CPU
		{115D8B96-5A7B-4D83-87A6-B4BDC2BAE3C5}.Debug|Any CPU.Build.0 = Debug|Any CPU
		{115D8B96-5A7B-4D83-87A6-B4BDC2BAE3C5}.Release|Any CPU.ActiveCfg = Release|Any CPU
		{115D8B96-5A7B-4D83-87A6-B4BDC2BAE3C5}.Release|Any CPU.Build.0 = Release|Any CPU
		{764B1993-D5F0-488F-B19B-A5E89E88FC52}.Debug|Any CPU.ActiveCfg = Debug|Any CPU
		{764B1993-D5F0-488F-B19B-A5E89E88FC52}.Debug|Any CPU.Build.0 = Debug|Any CPU
		{764B1993-D5F0-488F-B19B-A5E89E88FC52}.Release|Any CPU.ActiveCfg = Release|Any CPU
		{764B1993-D5F0-488F-B19B-A5E89E88FC52}.Release|Any CPU.Build.0 = Release|Any CPU
	EndGlobalSection
	GlobalSection(SolutionProperties) = preSolution
		HideSolutionNode = FALSE
	EndGlobalSection
	GlobalSection(ExtensibilityGlobals) = postSolution
		SolutionGuid = {7107B0B6-FF30-426F-BB08-3938A93D9A1F}
	EndGlobalSection
EndGlobal
